
Microsoft Visual Studio Solution File, Format Version 12.00
# Visual Studio Version 17
VisualStudioVersion = 17.14.36623.8 d17.14
MinimumVisualStudioVersion = 10.0.40219.1
Project("{888888A0-9F3D-457C-B088-3A5042F75D52}") = "rtfm-ehr", "rtfm-ehr.pyproj", "{122453CA-E84A-4208-858F-D0EA604A755D}"
EndProject
Global
	GlobalSection(SolutionConfigurationPlatforms) = preSolution
		Debug|Any CPU = Debug|Any CPU
		Release|Any CPU = Release|Any CPU
	EndGlobalSection
	GlobalSection(ProjectConfigurationPlatforms) = postSolution
		{122453CA-E84A-4208-858F-D0EA604A755D}.Debug|Any CPU.ActiveCfg = Debug|Any CPU
		{122453CA-E84A-4208-858F-D0EA604A755D}.Release|Any CPU.ActiveCfg = Release|Any CPU
	EndGlobalSection
	GlobalSection(SolutionProperties) = preSolution
		HideSolutionNode = FALSE
	EndGlobalSection
	GlobalSection(ExtensibilityGlobals) = postSolution
		SolutionGuid = {333ABA0A-BCF8-41C4-ADC2-325356865281}
	EndGlobalSection
EndGlobal
